// !$*UTF8*$!
{
	archiveVersion = 1;
	classes = {
	};
	objectVersion = 50;
	objects = {

/* Begin PBXBuildFile section */
		041570402646A8A000437ED6 /* AppDelegate.swift in Sources */ = {isa = PBXBuildFile; fileRef = 0415703F2646A8A000437ED6 /* AppDelegate.swift */; };
		041570422646A8A000437ED6 /* SceneDelegate.swift in Sources */ = {isa = PBXBuildFile; fileRef = 041570412646A8A000437ED6 /* SceneDelegate.swift */; };
		041570442646A8A000437ED6 /* ViewController.swift in Sources */ = {isa = PBXBuildFile; fileRef = 041570432646A8A000437ED6 /* ViewController.swift */; };
		041570472646A8A000437ED6 /* Main.storyboard in Resources */ = {isa = PBXBuildFile; fileRef = 041570452646A8A000437ED6 /* Main.storyboard */; };
		0415704A2646A8A000437ED6 /* CoreDataUseApp.xcdatamodeld in Sources */ = {isa = PBXBuildFile; fileRef = 041570482646A8A000437ED6 /* CoreDataUseApp.xcdatamodeld */; };
		0415704C2646A8A700437ED6 /* Assets.xcassets in Resources */ = {isa = PBXBuildFile; fileRef = 0415704B2646A8A700437ED6 /* Assets.xcassets */; };
		0415704F2646A8A700437ED6 /* LaunchScreen.storyboard in Resources */ = {isa = PBXBuildFile; fileRef = 0415704D2646A8A700437ED6 /* LaunchScreen.storyboard */; };
		041570592646AA6100437ED6 /* Counter+CoreDataClass.swift in Sources */ = {isa = PBXBuildFile; fileRef = 041570572646AA6100437ED6 /* Counter+CoreDataClass.swift */; };
		0415705A2646AA6100437ED6 /* Counter+CoreDataProperties.swift in Sources */ = {isa = PBXBuildFile; fileRef = 041570582646AA6100437ED6 /* Counter+CoreDataProperties.swift */; };
/* End PBXBuildFile section */

/* Begin PBXFileReference section */
		0415703C2646A8A000437ED6 /* CoreDataUseApp.app */ = {isa = PBXFileReference; explicitFileType = wrapper.application; includeInIndex = 0; path = CoreDataUseApp.app; sourceTree = BUILT_PRODUCTS_DIR; };
		0415703F2646A8A000437ED6 /* AppDelegate.swift */ = {isa = PBXFileReference; lastKnownFileType = sourcecode.swift; path = AppDelegate.swift; sourceTree = "<group>"; };
		041570412646A8A000437ED6 /* SceneDelegate.swift */ = {isa = PBXFileReference; lastKnownFileType = sourcecode.swift; path = SceneDelegate.swift; sourceTree = "<group>"; };
		041570432646A8A000437ED6 /* ViewController.swift */ = {isa = PBXFileReference; lastKnownFileType = sourcecode.swift; path = ViewController.swift; sourceTree = "<group>"; };
		041570462646A8A000437ED6 /* Base */ = {isa = PBXFileReference; lastKnownFileType = file.storyboard; name = Base; path = Base.lproj/Main.storyboard; sourceTree = "<group>"; };
		041570492646A8A000437ED6 /* CoreDataUseApp.xcdatamodel */ = {isa = PBXFileReference; lastKnownFileType = wrapper.xcdatamodel; path = CoreDataUseApp.xcdatamodel; sourceTree = "<group>"; };
		0415704B2646A8A700437ED6 /* Assets.xcassets */ = {isa = PBXFileReference; lastKnownFileType = folder.assetcatalog; path = Assets.xcassets; sourceTree = "<group>"; };
		0415704E2646A8A700437ED6 /* Base */ = {isa = PBXFileReference; lastKnownFileType = file.storyboard; name = Base; path = Base.lproj/LaunchScreen.storyboard; sourceTree = "<group>"; };
		041570502646A8A700437ED6 /* Info.plist */ = {isa = PBXFileReference; lastKnownFileType = text.plist.xml; path = Info.plist; sourceTree = "<group>"; };
		041570572646AA6100437ED6 /* Counter+CoreDataClass.swift */ = {isa = PBXFileReference; lastKnownFileType = sourcecode.swift; path = "Counter+CoreDataClass.swift"; sourceTree = "<group>"; };
		041570582646AA6100437ED6 /* Counter+CoreDataProperties.swift */ = {isa = PBXFileReference; lastKnownFileType = sourcecode.swift; path = "Counter+CoreDataProperties.swift"; sourceTree = "<group>"; };
/* End PBXFileReference section */

/* Begin PBXFrameworksBuildPhase section */
		041570392646A8A000437ED6 /* Frameworks */ = {
			isa = PBXFrameworksBuildPhase;
			buildActionMask = 2147483647;
			files = (
			);
			runOnlyForDeploymentPostprocessing = 0;
		};
/* End PBXFrameworksBuildPhase section */

/* Begin PBXGroup section */
		041570332646A8A000437ED6 = {
			isa = PBXGroup;
			children = (
				0415703E2646A8A000437ED6 /* CoreDataUseApp */,
				0415703D2646A8A000437ED6 /* Products */,
			);
			sourceTree = "<group>";
		};
		0415703D2646A8A000437ED6 /* Products */ = {
			isa = PBXGroup;
			children = (
				0415703C2646A8A000437ED6 /* CoreDataUseApp.app */,
			);
			name = Products;
			sourceTree = "<group>";
		};
		0415703E2646A8A000437ED6 /* CoreDataUseApp */ = {
			isa = PBXGroup;
			children = (
				0415705C2646AA6B00437ED6 /* Model */,
				0415703F2646A8A000437ED6 /* AppDelegate.swift */,
				041570412646A8A000437ED6 /* SceneDelegate.swift */,
				041570432646A8A000437ED6 /* ViewController.swift */,
				041570452646A8A000437ED6 /* Main.storyboard */,
				0415704B2646A8A700437ED6 /* Assets.xcassets */,
				0415704D2646A8A700437ED6 /* LaunchScreen.storyboard */,
				041570502646A8A700437ED6 /* Info.plist */,
				041570482646A8A000437ED6 /* CoreDataUseApp.xcdatamodeld */,
			);
			path = CoreDataUseApp;
			sourceTree = "<group>";
		};
		0415705C2646AA6B00437ED6 /* Model */ = {
			isa = PBXGroup;
			children = (
				041570572646AA6100437ED6 /* Counter+CoreDataClass.swift */,
				041570582646AA6100437ED6 /* Counter+CoreDataProperties.swift */,
			);
			path = Model;
			sourceTree = "<group>";
		};
/* End PBXGroup section */

/* Begin PBXNativeTarget section */
		0415703B2646A8A000437ED6 /* CoreDataUseApp */ = {
			isa = PBXNativeTarget;
			buildConfigurationList = 041570532646A8A700437ED6 /* Build configuration list for PBXNativeTarget "CoreDataUseApp" */;
			buildPhases = (
				041570382646A8A000437ED6 /* Sources */,
				041570392646A8A000437ED6 /* Frameworks */,
				0415703A2646A8A000437ED6 /* Resources */,
			);
			buildRules = (
			);
			dependencies = (
			);
			name = CoreDataUseApp;
			productName = CoreDataUseApp;
			productReference = 0415703C2646A8A000437ED6 /* CoreDataUseApp.app */;
			productType = "com.apple.product-type.application";
		};
/* End PBXNativeTarget section */

/* Begin PBXProject section */
		041570342646A8A000437ED6 /* Project object */ = {
			isa = PBXProject;
			attributes = {
				LastSwiftUpdateCheck = 1230;
				LastUpgradeCheck = 1230;
				TargetAttributes = {
					0415703B2646A8A000437ED6 = {
						CreatedOnToolsVersion = 12.3;
					};
				};
			};
			buildConfigurationList = 041570372646A8A000437ED6 /* Build configuration list for PBXProject "CoreDataUseApp" */;
			compatibilityVersion = "Xcode 9.3";
			developmentRegion = en;
			hasScannedForEncodings = 0;
			knownRegions = (
				en,
				Base,
			);
			mainGroup = 041570332646A8A000437ED6;
			productRefGroup = 0415703D2646A8A000437ED6 /* Products */;
			projectDirPath = "";
			projectRoot = "";
			targets = (
				0415703B2646A8A000437ED6 /* CoreDataUseApp */,
			);
		};
/* End PBXProject section */

/* Begin PBXResourcesBuildPhase section */
		0415703A2646A8A000437ED6 /* Resources */ = {
			isa = PBXResourcesBuildPhase;
			buildActionMask = 2147483647;
			files = (
				0415704F2646A8A700437ED6 /* LaunchScreen.storyboard in Resources */,
				0415704C2646A8A700437ED6 /* Assets.xcassets in Resources */,
				041570472646A8A000437ED6 /* Main.storyboard in Resources */,
			);
			runOnlyForDeploymentPostprocessing = 0;
		};
/* End PBXResourcesBuildPhase section */

/* Begin PBXSourcesBuildPhase section */
		041570382646A8A000437ED6 /* Sources */ = {
			isa = PBXSourcesBuildPhase;
			buildActionMask = 2147483647;
			files = (
				0415705A2646AA6100437ED6 /* Counter+CoreDataProperties.swift in Sources */,
				0415704A2646A8A000437ED6 /* CoreDataUseApp.xcdatamodeld in Sources */,
				041570442646A8A000437ED6 /* ViewController.swift in Sources */,
				041570402646A8A000437ED6 /* AppDelegate.swift in Sources */,
				041570422646A8A000437ED6 /* SceneDelegate.swift in Sources */,
				041570592646AA6100437ED6 /* Counter+CoreDataClass.swift in Sources */,
			);
			runOnlyForDeploymentPostprocessing = 0;
		};
/* End PBXSourcesBuildPhase section */

/* Begin PBXVariantGroup section */
		041570452646A8A000437ED6 /* Main.storyboard */ = {
			isa = PBXVariantGroup;
			children = (
				041570462646A8A000437ED6 /* Base */,
			);
			name = Main.storyboard;
			sourceTree = "<group>";
		};
		0415704D2646A8A700437ED6 /* LaunchScreen.storyboard */ = {
			isa = PBXVariantGroup;
			children = (
				0415704E2646A8A700437ED6 /* Base */,
			);
			name = LaunchScreen.storyboard;
			sourceTree = "<group>";
		};
/* End PBXVariantGroup section */

/* Begin XCBuildConfiguration section */
		041570512646A8A700437ED6 /* Debug */ = {
			isa = XCBuildConfiguration;
			buildSettings = {
				ALWAYS_SEARCH_USER_PATHS = NO;
				CLANG_ANALYZER_NONNULL = YES;
				CLANG_ANALYZER_NUMBER_OBJECT_CONVERSION = YES_AGGRESSIVE;
				CLANG_CXX_LANGUAGE_STANDARD = "gnu++14";
				CLANG_CXX_LIBRARY = "libc++";
				CLANG_ENABLE_MODULES = YES;
				CLANG_ENABLE_OBJC_ARC = YES;
				CLANG_ENABLE_OBJC_WEAK = YES;
				CLANG_WARN_BLOCK_CAPTURE_AUTORELEASING = YES;
				CLANG_WARN_BOOL_CONVERSION = YES;
				CLANG_WARN_COMMA = YES;
				CLANG_WARN_CONSTANT_CONVERSION = YES;
				CLANG_WARN_DEPRECATED_OBJC_IMPLEMENTATIONS = YES;
				CLANG_WARN_DIRECT_OBJC_ISA_USAGE = YES_ERROR;
				CLANG_WARN_DOCUMENTATION_COMMENTS = YES;
				CLANG_WARN_EMPTY_BODY = YES;
				CLANG_WARN_ENUM_CONVERSION = YES;
				CLANG_WARN_INFINITE_RECURSION = YES;
				CLANG_WARN_INT_CONVERSION = YES;
				CLANG_WARN_NON_LITERAL_NULL_CONVERSION = YES;
				CLANG_WARN_OBJC_IMPLICIT_RETAIN_SELF = YES;
				CLANG_WARN_OBJC_LITERAL_CONVERSION = YES;
				CLANG_WARN_OBJC_ROOT_CLASS = YES_ERROR;
				CLANG_WARN_QUOTED_INCLUDE_IN_FRAMEWORK_HEADER = YES;
				CLANG_WARN_RANGE_LOOP_ANALYSIS = YES;
				CLANG_WARN_STRICT_PROTOTYPES = YES;
				CLANG_WARN_SUSPICIOUS_MOVE = YES;
				CLANG_WARN_UNGUARDED_AVAILABILITY = YES_AGGRESSIVE;
				CLANG_WARN_UNREACHABLE_CODE = YES;
				CLANG_WARN__DUPLICATE_METHOD_MATCH = YES;
				COPY_PHASE_STRIP = NO;
				DEBUG_INFORMATION_FORMAT = dwarf;
				ENABLE_STRICT_OBJC_MSGSEND = YES;
				ENABLE_TESTABILITY = YES;
				GCC_C_LANGUAGE_STANDARD = gnu11;
				GCC_DYNAMIC_NO_PIC = NO;
				GCC_NO_COMMON_BLOCKS = YES;
				GCC_OPTIMIZATION_LEVEL = 0;
				GCC_PREPROCESSOR_DEFINITIONS = (
					"DEBUG=1",
					"$(inherited)",
				);
				GCC_WARN_64_TO_32_BIT_CONVERSION = YES;
				GCC_WARN_ABOUT_RETURN_TYPE = YES_ERROR;
				GCC_WARN_UNDECLARED_SELECTOR = YES;
				GCC_WARN_UNINITIALIZED_AUTOS = YES_AGGRESSIVE;
				GCC_WARN_UNUSED_FUNCTION = YES;
				GCC_WARN_UNUSED_VARIABLE = YES;
				IPHONEOS_DEPLOYMENT_TARGET = 14.3;
				MTL_ENABLE_DEBUG_INFO = INCLUDE_SOURCE;
				MTL_FAST_MATH = YES;
				ONLY_ACTIVE_ARCH = YES;
				SDKROOT = iphoneos;
				SWIFT_ACTIVE_COMPILATION_CONDITIONS = DEBUG;
				SWIFT_OPTIMIZATION_LEVEL = "-Onone";
			};
			name = Debug;
		};
		041570522646A8A700437ED6 /* Release */ = {
			isa = XCBuildConfiguration;
			buildSettings = {
				ALWAYS_SEARCH_USER_PATHS = NO;
				CLANG_ANALYZER_NONNULL = YES;
				CLANG_ANALYZER_NUMBER_OBJECT_CONVERSION = YES_AGGRESSIVE;
				CLANG_CXX_LANGUAGE_STANDARD = "gnu++14";
				CLANG_CXX_LIBRARY = "libc++";
				CLANG_ENABLE_MODULES = YES;
				CLANG_ENABLE_OBJC_ARC = YES;
				CLANG_ENABLE_OBJC_WEAK = YES;
				CLANG_WARN_BLOCK_CAPTURE_AUTORELEASING = YES;
				CLANG_WARN_BOOL_CONVERSION = YES;
				CLANG_WARN_COMMA = YES;
				CLANG_WARN_CONSTANT_CONVERSION = YES;
				CLANG_WARN_DEPRECATED_OBJC_IMPLEMENTATIONS = YES;
				CLANG_WARN_DIRECT_OBJC_ISA_USAGE = YES_ERROR;
				CLANG_WARN_DOCUMENTATION_COMMENTS = YES;
				CLANG_WARN_EMPTY_BODY = YES;
				CLANG_WARN_ENUM_CONVERSION = YES;
				CLANG_WARN_INFINITE_RECURSION = YES;
				CLANG_WARN_INT_CONVERSION = YES;
				CLANG_WARN_NON_LITERAL_NULL_CONVERSION = YES;
				CLANG_WARN_OBJC_IMPLICIT_RETAIN_SELF = YES;
				CLANG_WARN_OBJC_LITERAL_CONVERSION = YES;
				CLANG_WARN_OBJC_ROOT_CLASS = YES_ERROR;
				CLANG_WARN_QUOTED_INCLUDE_IN_FRAMEWORK_HEADER = YES;
				CLANG_WARN_RANGE_LOOP_ANALYSIS = YES;
				CLANG_WARN_STRICT_PROTOTYPES = YES;
				CLANG_WARN_SUSPICIOUS_MOVE = YES;
				CLANG_WARN_UNGUARDED_AVAILABILITY = YES_AGGRESSIVE;
				CLANG_WARN_UNREACHABLE_CODE = YES;
				CLANG_WARN__DUPLICATE_METHOD_MATCH = YES;
				COPY_PHASE_STRIP = NO;
				DEBUG_INFORMATION_FORMAT = "dwarf-with-dsym";
				ENABLE_NS_ASSERTIONS = NO;
				ENABLE_STRICT_OBJC_MSGSEND = YES;
				GCC_C_LANGUAGE_STANDARD = gnu11;
				GCC_NO_COMMON_BLOCKS = YES;
				GCC_WARN_64_TO_32_BIT_CONVERSION = YES;
				GCC_WARN_ABOUT_RETURN_TYPE = YES_ERROR;
				GCC_WARN_UNDECLARED_SELECTOR = YES;
				GCC_WARN_UNINITIALIZED_AUTOS = YES_AGGRESSIVE;
				GCC_WARN_UNUSED_FUNCTION = YES;
				GCC_WARN_UNUSED_VARIABLE = YES;
				IPHONEOS_DEPLOYMENT_TARGET = 14.3;
				MTL_ENABLE_DEBUG_INFO = NO;
				MTL_FAST_MATH = YES;
				SDKROOT = iphoneos;
				SWIFT_COMPILATION_MODE = wholemodule;
				SWIFT_OPTIMIZATION_LEVEL = "-O";
				VALIDATE_PRODUCT = YES;
			};
			name = Release;
		};
		041570542646A8A700437ED6 /* Debug */ = {
			isa = XCBuildConfiguration;
			buildSettings = {
				ASSETCATALOG_COMPILER_APPICON_NAME = AppIcon;
				ASSETCATALOG_COMPILER_GLOBAL_ACCENT_COLOR_NAME = AccentColor;
				CODE_SIGN_STYLE = Automatic;
				DEVELOPMENT_TEAM = JCX8Z993GT;
				INFOPLIST_FILE = CoreDataUseApp/Info.plist;
				LD_RUNPATH_SEARCH_PATHS = (
					"$(inherited)",
					"@executable_path/Frameworks",
				);
				PRODUCT_BUNDLE_IDENTIFIER = AB.bavcom.CoreDataUseApp;
				PRODUCT_NAME = "$(TARGET_NAME)";
				SWIFT_VERSION = 5.0;
				TARGETED_DEVICE_FAMILY = "1,2";
			};
			name = Debug;
		};
		041570552646A8A700437ED6 /* Release */ = {
			isa = XCBuildConfiguration;
			buildSettings = {
				ASSETCATALOG_COMPILER_APPICON_NAME = AppIcon;
				ASSETCATALOG_COMPILER_GLOBAL_ACCENT_COLOR_NAME = AccentColor;
				CODE_SIGN_STYLE = Automatic;
				DEVELOPMENT_TEAM = JCX8Z993GT;
				INFOPLIST_FILE = CoreDataUseApp/Info.plist;
				LD_RUNPATH_SEARCH_PATHS = (
					"$(inherited)",
					"@executable_path/Frameworks",
				);
				PRODUCT_BUNDLE_IDENTIFIER = AB.bavcom.CoreDataUseApp;
				PRODUCT_NAME = "$(TARGET_NAME)";
				SWIFT_VERSION = 5.0;
				TARGETED_DEVICE_FAMILY = "1,2";
			};
			name = Release;
		};
/* End XCBuildConfiguration section */

/* Begin XCConfigurationList section */
		041570372646A8A000437ED6 /* Build configuration list for PBXProject "CoreDataUseApp" */ = {
			isa = XCConfigurationList;
			buildConfigurations = (
				041570512646A8A700437ED6 /* Debug */,
				041570522646A8A700437ED6 /* Release */,
			);
			defaultConfigurationIsVisible = 0;
			defaultConfigurationName = Release;
		};
		041570532646A8A700437ED6 /* Build configuration list for PBXNativeTarget "CoreDataUseApp" */ = {
			isa = XCConfigurationList;
			buildConfigurations = (
				041570542646A8A700437ED6 /* Debug */,
				041570552646A8A700437ED6 /* Release */,
			);
			defaultConfigurationIsVisible = 0;
			defaultConfigurationName = Release;
		};
/* End XCConfigurationList section */

/* Begin XCVersionGroup section */
		041570482646A8A000437ED6 /* CoreDataUseApp.xcdatamodeld */ = {
			isa = XCVersionGroup;
			children = (
				041570492646A8A000437ED6 /* CoreDataUseApp.xcdatamodel */,
			);
			currentVersion = 041570492646A8A000437ED6 /* CoreDataUseApp.xcdatamodel */;
			path = CoreDataUseApp.xcdatamodeld;
			sourceTree = "<group>";
			versionGroupType = wrapper.xcdatamodel;
		};
/* End XCVersionGroup section */
	};
	rootObject = 041570342646A8A000437ED6 /* Project object */;
}
